<?xml version="1.0" encoding="utf-8"?>
<Project ToolsVersion="4.0" xmlns="http://schemas.microsoft.com/developer/msbuild/2003">
  <ItemGroup>
    <Filter Include="Source Files">
      <UniqueIdentifier>{4FC737F1-C7A5-4376-A066-2A32D752A2FF}</UniqueIdentifier>
      <Extensions>cpp;c;cc;cxx;def;odl;idl;hpj;bat;asm;asmx</Extensions>
    </Filter>
    <Filter Include="Header Files">
      <UniqueIdentifier>{93995380-89BD-4b04-88EB-625FBE52EBFB}</UniqueIdentifier>
      <Extensions>h;hpp;hxx;hm;inl;inc;xsd</Extensions>
    </Filter>
    <Filter Include="Resource Files">
      <UniqueIdentifier>{67DA6AB6-F800-4c08-8B7A-83BB121AAD01}</UniqueIdentifier>
      <Extensions>rc;ico;cur;bmp;dlg;rc2;rct;bin;rgs;gif;jpg;jpeg;jpe;resx;tiff;tif;png;wav;mfcribbon-ms</Extensions>
    </Filter>
  </ItemGroup>
  <ItemGroup>
    <ClCompile Include="Form1.cpp">
      <Filter>Source Files</Filter>
    </ClCompile>
    <ClCompile Include="Form11.cpp">
      <Filter>Source Files</Filter>
    </ClCompile>
    <ClCompile Include="Form2.cpp">
      <Filter>Header Files</Filter>
    </ClCompile>
    <ClCompile Include="Form3.cpp">
      <Filter>Header Files</Filter>
    </ClCompile>
    <ClCompile Include="Form4.cpp">
      <Filter>Header Files</Filter>
    </ClCompile>
    <ClCompile Include="Form5.cpp">
      <Filter>Header Files</Filter>
    </ClCompile>
    <ClCompile Include="Form6.cpp">
      <Filter>Header Files</Filter>
    </ClCompile>
    <ClCompile Include="Form7.cpp">
      <Filter>Header Files</Filter>
    </ClCompile>
    <ClCompile Include="Form8.cpp">
      <Filter>Header Files</Filter>
    </ClCompile>
  </ItemGroup>
  <ItemGroup>
    <ClInclude Include="Form1.h">
      <Filter>Header Files</Filter>
    </ClInclude>
    <ClInclude Include="Form2.h">
      <Filter>Header Files</Filter>
    </ClInclude>
    <ClInclude Include="Form3.h">
      <Filter>Header Files</Filter>
    </ClInclude>
    <ClInclude Include="Form4.h">
      <Filter>Header Files</Filter>
    </ClInclude>
    <ClInclude Include="Form5.h">
      <Filter>Header Files</Filter>
    </ClInclude>
    <ClInclude Include="Form6.h">
      <Filter>Header Files</Filter>
    </ClInclude>
    <ClInclude Include="Form7.h">
      <Filter>Header Files</Filter>
    </ClInclude>
    <ClInclude Include="Form8.h">
      <Filter>Header Files</Filter>
    </ClInclude>
  </ItemGroup>
  <ItemGroup>
    <EmbeddedResource Include="Form1.resx">
      <Filter>Resource Files</Filter>
    </EmbeddedResource>
    <EmbeddedResource Include="Form2.resx">
      <Filter>Resource Files</Filter>
    </EmbeddedResource>
    <EmbeddedResource Include="Form3.resx">
      <Filter>Resource Files</Filter>
    </EmbeddedResource>
    <EmbeddedResource Include="Form4.resx">
      <Filter>Resource Files</Filter>
    </EmbeddedResource>
    <EmbeddedResource Include="Form5.resx">
      <Filter>Resource Files</Filter>
    </EmbeddedResource>
    <EmbeddedResource Include="Form6.resx">
      <Filter>Resource Files</Filter>
    </EmbeddedResource>
    <EmbeddedResource Include="Form7.resx">
      <Filter>Resource Files</Filter>
    </EmbeddedResource>
    <EmbeddedResource Include="Form8.resx">
      <Filter>Resource Files</Filter>
    </EmbeddedResource>
  </ItemGroup>
</Project>